
Microsoft Visual Studio Solution File, Format Version 12.00
# Visual Studio 15
VisualStudioVersion = 15.0.27428.2015
MinimumVisualStudioVersion = 10.0.40219.1
Project("{FAE04EC0-301F-11D3-BF4B-00C04F79EFBC}") = "MyWpfApp", "MyWpfApp\MyWpfApp.csproj", "{18CA76FC-92AF-4383-9175-C932EA54034F}"
EndProject
Project("{FAE04EC0-301F-11D3-BF4B-00C04F79EFBC}") = "MyTests", "MyTests\MyTests.csproj", "{B57F7E0B-5084-4FE6-A668-A48AABEE96A5}"
EndProject
Global
	GlobalSection(SolutionConfigurationPlatforms) = preSolution
		Debug|Any CPU = Debug|Any CPU
		Release|Any CPU = Release|Any CPU
	EndGlobalSection
	GlobalSection(ProjectConfigurationPlatforms) = postSolution
		{18CA76FC-92AF-4383-9175-C932EA54034F}.Debug|Any CPU.ActiveCfg = Debug|Any CPU
		{18CA76FC-92AF-4383-9175-C932EA54034F}.Debug|Any CPU.Build.0 = Debug|Any CPU
		{18CA76FC-92AF-4383-9175-C932EA54034F}.Release|Any CPU.ActiveCfg = Release|Any CPU
		{18CA76FC-92AF-4383-9175-C932EA54034F}.Release|Any CPU.Build.0 = Release|Any CPU
		{B57F7E0B-5084-4FE6-A668-A48AABEE96A5}.Debug|Any CPU.ActiveCfg = Debug|Any CPU
		{B57F7E0B-5084-4FE6-A668-A48AABEE96A5}.Debug|Any CPU.Build.0 = Debug|Any CPU
		{B57F7E0B-5084-4FE6-A668-A48AABEE96A5}.Release|Any CPU.ActiveCfg = Release|Any CPU
		{B57F7E0B-5084-4FE6-A668-A48AABEE96A5}.Release|Any CPU.Build.0 = Release|Any CPU
	EndGlobalSection
	GlobalSection(SolutionProperties) = preSolution
		HideSolutionNode = FALSE
	EndGlobalSection
	GlobalSection(ExtensibilityGlobals) = postSolution
		SolutionGuid = {77F49E62-63CF-4472-8108-59509C5E0957}
	EndGlobalSection
EndGlobal
